// !$*UTF8*$!
{
	archiveVersion = 1;
	classes = {
	};
	objectVersion = 55;
	objects = {

/* Begin PBXBuildFile section */
		C427960A28FA1B2400F29E30 /* GradeVC.swift in Sources */ = {isa = PBXBuildFile; fileRef = C427960928FA1B2400F29E30 /* GradeVC.swift */; };
		C4A96C0D28FA02CA001AADF4 /* AppDelegate.swift in Sources */ = {isa = PBXBuildFile; fileRef = C4A96C0C28FA02CA001AADF4 /* AppDelegate.swift */; };
		C4A96C0F28FA02CA001AADF4 /* SceneDelegate.swift in Sources */ = {isa = PBXBuildFile; fileRef = C4A96C0E28FA02CA001AADF4 /* SceneDelegate.swift */; };
		C4A96C1428FA02CA001AADF4 /* Main.storyboard in Resources */ = {isa = PBXBuildFile; fileRef = C4A96C1228FA02CA001AADF4 /* Main.storyboard */; };
		C4A96C1728FA02CA001AADF4 /* AkhilaGradeDisplay.xcdatamodeld in Sources */ = {isa = PBXBuildFile; fileRef = C4A96C1528FA02CA001AADF4 /* AkhilaGradeDisplay.xcdatamodeld */; };
		C4A96C1928FA02CC001AADF4 /* Assets.xcassets in Resources */ = {isa = PBXBuildFile; fileRef = C4A96C1828FA02CC001AADF4 /* Assets.xcassets */; };
		C4A96C1C28FA02CC001AADF4 /* LaunchScreen.storyboard in Resources */ = {isa = PBXBuildFile; fileRef = C4A96C1A28FA02CC001AADF4 /* LaunchScreen.storyboard */; };
		C4E1080728FA269B00EB4991 /* AssignmentTableVC.swift in Sources */ = {isa = PBXBuildFile; fileRef = C4E1080628FA269B00EB4991 /* AssignmentTableVC.swift */; };
		C4E1080928FA26FE00EB4991 /* ExamTableVC.swift in Sources */ = {isa = PBXBuildFile; fileRef = C4E1080828FA26FE00EB4991 /* ExamTableVC.swift */; };
		C4E1080B28FA27DE00EB4991 /* ProjectTableVC.swift in Sources */ = {isa = PBXBuildFile; fileRef = C4E1080A28FA27DE00EB4991 /* ProjectTableVC.swift */; };
		C4E1080F28FA310300EB4991 /* MarksInputVC.swift in Sources */ = {isa = PBXBuildFile; fileRef = C4E1080E28FA310300EB4991 /* MarksInputVC.swift */; };
		C4E1081128FA540000EB4991 /* tableCellTableViewCell.swift in Sources */ = {isa = PBXBuildFile; fileRef = C4E1081028FA540000EB4991 /* tableCellTableViewCell.swift */; };
/* End PBXBuildFile section */

/* Begin PBXFileReference section */
		C427960928FA1B2400F29E30 /* GradeVC.swift */ = {isa = PBXFileReference; lastKnownFileType = sourcecode.swift; path = GradeVC.swift; sourceTree = "<group>"; };
		C4A96C0928FA02CA001AADF4 /* AkhilaGradeDisplay.app */ = {isa = PBXFileReference; explicitFileType = wrapper.application; includeInIndex = 0; path = AkhilaGradeDisplay.app; sourceTree = BUILT_PRODUCTS_DIR; };
		C4A96C0C28FA02CA001AADF4 /* AppDelegate.swift */ = {isa = PBXFileReference; lastKnownFileType = sourcecode.swift; path = AppDelegate.swift; sourceTree = "<group>"; };
		C4A96C0E28FA02CA001AADF4 /* SceneDelegate.swift */ = {isa = PBXFileReference; lastKnownFileType = sourcecode.swift; path = SceneDelegate.swift; sourceTree = "<group>"; };
		C4A96C1328FA02CA001AADF4 /* Base */ = {isa = PBXFileReference; lastKnownFileType = file.storyboard; name = Base; path = Base.lproj/Main.storyboard; sourceTree = "<group>"; };
		C4A96C1628FA02CA001AADF4 /* AkhilaGradeDisplay.xcdatamodel */ = {isa = PBXFileReference; lastKnownFileType = wrapper.xcdatamodel; path = AkhilaGradeDisplay.xcdatamodel; sourceTree = "<group>"; };
		C4A96C1828FA02CC001AADF4 /* Assets.xcassets */ = {isa = PBXFileReference; lastKnownFileType = folder.assetcatalog; path = Assets.xcassets; sourceTree = "<group>"; };
		C4A96C1B28FA02CC001AADF4 /* Base */ = {isa = PBXFileReference; lastKnownFileType = file.storyboard; name = Base; path = Base.lproj/LaunchScreen.storyboard; sourceTree = "<group>"; };
		C4A96C1D28FA02CC001AADF4 /* Info.plist */ = {isa = PBXFileReference; lastKnownFileType = text.plist.xml; path = Info.plist; sourceTree = "<group>"; };
		C4E1080628FA269B00EB4991 /* AssignmentTableVC.swift */ = {isa = PBXFileReference; lastKnownFileType = sourcecode.swift; path = AssignmentTableVC.swift; sourceTree = "<group>"; };
		C4E1080828FA26FE00EB4991 /* ExamTableVC.swift */ = {isa = PBXFileReference; lastKnownFileType = sourcecode.swift; path = ExamTableVC.swift; sourceTree = "<group>"; };
		C4E1080A28FA27DE00EB4991 /* ProjectTableVC.swift */ = {isa = PBXFileReference; lastKnownFileType = sourcecode.swift; path = ProjectTableVC.swift; sourceTree = "<group>"; };
		C4E1080E28FA310300EB4991 /* MarksInputVC.swift */ = {isa = PBXFileReference; lastKnownFileType = sourcecode.swift; path = MarksInputVC.swift; sourceTree = "<group>"; };
		C4E1081028FA540000EB4991 /* tableCellTableViewCell.swift */ = {isa = PBXFileReference; lastKnownFileType = sourcecode.swift; path = tableCellTableViewCell.swift; sourceTree = "<group>"; };
/* End PBXFileReference section */

/* Begin PBXFrameworksBuildPhase section */
		C4A96C0628FA02CA001AADF4 /* Frameworks */ = {
			isa = PBXFrameworksBuildPhase;
			buildActionMask = 2147483647;
			files = (
			);
			runOnlyForDeploymentPostprocessing = 0;
		};
/* End PBXFrameworksBuildPhase section */

/* Begin PBXGroup section */
		C4A96C0028FA02CA001AADF4 = {
			isa = PBXGroup;
			children = (
				C4A96C0B28FA02CA001AADF4 /* AkhilaGradeDisplay */,
				C4A96C0A28FA02CA001AADF4 /* Products */,
			);
			sourceTree = "<group>";
		};
		C4A96C0A28FA02CA001AADF4 /* Products */ = {
			isa = PBXGroup;
			children = (
				C4A96C0928FA02CA001AADF4 /* AkhilaGradeDisplay.app */,
			);
			name = Products;
			sourceTree = "<group>";
		};
		C4A96C0B28FA02CA001AADF4 /* AkhilaGradeDisplay */ = {
			isa = PBXGroup;
			children = (
				C4A96C0C28FA02CA001AADF4 /* AppDelegate.swift */,
				C4A96C0E28FA02CA001AADF4 /* SceneDelegate.swift */,
				C4A96C1228FA02CA001AADF4 /* Main.storyboard */,
				C4E1081028FA540000EB4991 /* tableCellTableViewCell.swift */,
				C4E1080E28FA310300EB4991 /* MarksInputVC.swift */,
				C4E1080A28FA27DE00EB4991 /* ProjectTableVC.swift */,
				C4E1080628FA269B00EB4991 /* AssignmentTableVC.swift */,
				C4E1080828FA26FE00EB4991 /* ExamTableVC.swift */,
				C427960928FA1B2400F29E30 /* GradeVC.swift */,
				C4A96C1828FA02CC001AADF4 /* Assets.xcassets */,
				C4A96C1A28FA02CC001AADF4 /* LaunchScreen.storyboard */,
				C4A96C1D28FA02CC001AADF4 /* Info.plist */,
				C4A96C1528FA02CA001AADF4 /* AkhilaGradeDisplay.xcdatamodeld */,
			);
			path = AkhilaGradeDisplay;
			sourceTree = "<group>";
		};
/* End PBXGroup section */

/* Begin PBXNativeTarget section */
		C4A96C0828FA02CA001AADF4 /* AkhilaGradeDisplay */ = {
			isa = PBXNativeTarget;
			buildConfigurationList = C4A96C2028FA02CC001AADF4 /* Build configuration list for PBXNativeTarget "AkhilaGradeDisplay" */;
			buildPhases = (
				C4A96C0528FA02CA001AADF4 /* Sources */,
				C4A96C0628FA02CA001AADF4 /* Frameworks */,
				C4A96C0728FA02CA001AADF4 /* Resources */,
			);
			buildRules = (
			);
			dependencies = (
			);
			name = AkhilaGradeDisplay;
			productName = AkhilaGradeDisplay;
			productReference = C4A96C0928FA02CA001AADF4 /* AkhilaGradeDisplay.app */;
			productType = "com.apple.product-type.application";
		};
/* End PBXNativeTarget section */

/* Begin PBXProject section */
		C4A96C0128FA02CA001AADF4 /* Project object */ = {
			isa = PBXProject;
			attributes = {
				BuildIndependentTargetsInParallel = 1;
				LastSwiftUpdateCheck = 1340;
				LastUpgradeCheck = 1340;
				TargetAttributes = {
					C4A96C0828FA02CA001AADF4 = {
						CreatedOnToolsVersion = 13.4.1;
					};
				};
			};
			buildConfigurationList = C4A96C0428FA02CA001AADF4 /* Build configuration list for PBXProject "AkhilaGradeDisplay" */;
			compatibilityVersion = "Xcode 13.0";
			developmentRegion = en;
			hasScannedForEncodings = 0;
			knownRegions = (
				en,
				Base,
			);
			mainGroup = C4A96C0028FA02CA001AADF4;
			productRefGroup = C4A96C0A28FA02CA001AADF4 /* Products */;
			projectDirPath = "";
			projectRoot = "";
			targets = (
				C4A96C0828FA02CA001AADF4 /* AkhilaGradeDisplay */,
			);
		};
/* End PBXProject section */

/* Begin PBXResourcesBuildPhase section */
		C4A96C0728FA02CA001AADF4 /* Resources */ = {
			isa = PBXResourcesBuildPhase;
			buildActionMask = 2147483647;
			files = (
				C4A96C1C28FA02CC001AADF4 /* LaunchScreen.storyboard in Resources */,
				C4A96C1928FA02CC001AADF4 /* Assets.xcassets in Resources */,
				C4A96C1428FA02CA001AADF4 /* Main.storyboard in Resources */,
			);
			runOnlyForDeploymentPostprocessing = 0;
		};
/* End PBXResourcesBuildPhase section */

/* Begin PBXSourcesBuildPhase section */
		C4A96C0528FA02CA001AADF4 /* Sources */ = {
			isa = PBXSourcesBuildPhase;
			buildActionMask = 2147483647;
			files = (
				C4E1080728FA269B00EB4991 /* AssignmentTableVC.swift in Sources */,
				C427960A28FA1B2400F29E30 /* GradeVC.swift in Sources */,
				C4E1081128FA540000EB4991 /* tableCellTableViewCell.swift in Sources */,
				C4E1080B28FA27DE00EB4991 /* ProjectTableVC.swift in Sources */,
				C4A96C0D28FA02CA001AADF4 /* AppDelegate.swift in Sources */,
				C4E1080F28FA310300EB4991 /* MarksInputVC.swift in Sources */,
				C4A96C1728FA02CA001AADF4 /* AkhilaGradeDisplay.xcdatamodeld in Sources */,
				C4A96C0F28FA02CA001AADF4 /* SceneDelegate.swift in Sources */,
				C4E1080928FA26FE00EB4991 /* ExamTableVC.swift in Sources */,
			);
			runOnlyForDeploymentPostprocessing = 0;
		};
/* End PBXSourcesBuildPhase section */

/* Begin PBXVariantGroup section */
		C4A96C1228FA02CA001AADF4 /* Main.storyboard */ = {
			isa = PBXVariantGroup;
			children = (
				C4A96C1328FA02CA001AADF4 /* Base */,
			);
			name = Main.storyboard;
			sourceTree = "<group>";
		};
		C4A96C1A28FA02CC001AADF4 /* LaunchScreen.storyboard */ = {
			isa = PBXVariantGroup;
			children = (
				C4A96C1B28FA02CC001AADF4 /* Base */,
			);
			name = LaunchScreen.storyboard;
			sourceTree = "<group>";
		};
/* End PBXVariantGroup section */

/* Begin XCBuildConfiguration section */
		C4A96C1E28FA02CC001AADF4 /* Debug */ = {
			isa = XCBuildConfiguration;
			buildSettings = {
				ALWAYS_SEARCH_USER_PATHS = NO;
				CLANG_ANALYZER_NONNULL = YES;
				CLANG_ANALYZER_NUMBER_OBJECT_CONVERSION = YES_AGGRESSIVE;
				CLANG_CXX_LANGUAGE_STANDARD = "gnu++17";
				CLANG_ENABLE_MODULES = YES;
				CLANG_ENABLE_OBJC_ARC = YES;
				CLANG_ENABLE_OBJC_WEAK = YES;
				CLANG_WARN_BLOCK_CAPTURE_AUTORELEASING = YES;
				CLANG_WARN_BOOL_CONVERSION = YES;
				CLANG_WARN_COMMA = YES;
				CLANG_WARN_CONSTANT_CONVERSION = YES;
				CLANG_WARN_DEPRECATED_OBJC_IMPLEMENTATIONS = YES;
				CLANG_WARN_DIRECT_OBJC_ISA_USAGE = YES_ERROR;
				CLANG_WARN_DOCUMENTATION_COMMENTS = YES;
				CLANG_WARN_EMPTY_BODY = YES;
				CLANG_WARN_ENUM_CONVERSION = YES;
				CLANG_WARN_INFINITE_RECURSION = YES;
				CLANG_WARN_INT_CONVERSION = YES;
				CLANG_WARN_NON_LITERAL_NULL_CONVERSION = YES;
				CLANG_WARN_OBJC_IMPLICIT_RETAIN_SELF = YES;
				CLANG_WARN_OBJC_LITERAL_CONVERSION = YES;
				CLANG_WARN_OBJC_ROOT_CLASS = YES_ERROR;
				CLANG_WARN_QUOTED_INCLUDE_IN_FRAMEWORK_HEADER = YES;
				CLANG_WARN_RANGE_LOOP_ANALYSIS = YES;
				CLANG_WARN_STRICT_PROTOTYPES = YES;
				CLANG_WARN_SUSPICIOUS_MOVE = YES;
				CLANG_WARN_UNGUARDED_AVAILABILITY = YES_AGGRESSIVE;
				CLANG_WARN_UNREACHABLE_CODE = YES;
				CLANG_WARN__DUPLICATE_METHOD_MATCH = YES;
				COPY_PHASE_STRIP = NO;
				DEBUG_INFORMATION_FORMAT = dwarf;
				ENABLE_STRICT_OBJC_MSGSEND = YES;
				ENABLE_TESTABILITY = YES;
				GCC_C_LANGUAGE_STANDARD = gnu11;
				GCC_DYNAMIC_NO_PIC = NO;
				GCC_NO_COMMON_BLOCKS = YES;
				GCC_OPTIMIZATION_LEVEL = 0;
				GCC_PREPROCESSOR_DEFINITIONS = (
					"DEBUG=1",
					"$(inherited)",
				);
				GCC_WARN_64_TO_32_BIT_CONVERSION = YES;
				GCC_WARN_ABOUT_RETURN_TYPE = YES_ERROR;
				GCC_WARN_UNDECLARED_SELECTOR = YES;
				GCC_WARN_UNINITIALIZED_AUTOS = YES_AGGRESSIVE;
				GCC_WARN_UNUSED_FUNCTION = YES;
				GCC_WARN_UNUSED_VARIABLE = YES;
				IPHONEOS_DEPLOYMENT_TARGET = 15.5;
				MTL_ENABLE_DEBUG_INFO = INCLUDE_SOURCE;
				MTL_FAST_MATH = YES;
				ONLY_ACTIVE_ARCH = YES;
				SDKROOT = iphoneos;
				SWIFT_ACTIVE_COMPILATION_CONDITIONS = DEBUG;
				SWIFT_OPTIMIZATION_LEVEL = "-Onone";
			};
			name = Debug;
		};
		C4A96C1F28FA02CC001AADF4 /* Release */ = {
			isa = XCBuildConfiguration;
			buildSettings = {
				ALWAYS_SEARCH_USER_PATHS = NO;
				CLANG_ANALYZER_NONNULL = YES;
				CLANG_ANALYZER_NUMBER_OBJECT_CONVERSION = YES_AGGRESSIVE;
				CLANG_CXX_LANGUAGE_STANDARD = "gnu++17";
				CLANG_ENABLE_MODULES = YES;
				CLANG_ENABLE_OBJC_ARC = YES;
				CLANG_ENABLE_OBJC_WEAK = YES;
				CLANG_WARN_BLOCK_CAPTURE_AUTORELEASING = YES;
				CLANG_WARN_BOOL_CONVERSION = YES;
				CLANG_WARN_COMMA = YES;
				CLANG_WARN_CONSTANT_CONVERSION = YES;
				CLANG_WARN_DEPRECATED_OBJC_IMPLEMENTATIONS = YES;
				CLANG_WARN_DIRECT_OBJC_ISA_USAGE = YES_ERROR;
				CLANG_WARN_DOCUMENTATION_COMMENTS = YES;
				CLANG_WARN_EMPTY_BODY = YES;
				CLANG_WARN_ENUM_CONVERSION = YES;
				CLANG_WARN_INFINITE_RECURSION = YES;
				CLANG_WARN_INT_CONVERSION = YES;
				CLANG_WARN_NON_LITERAL_NULL_CONVERSION = YES;
				CLANG_WARN_OBJC_IMPLICIT_RETAIN_SELF = YES;
				CLANG_WARN_OBJC_LITERAL_CONVERSION = YES;
				CLANG_WARN_OBJC_ROOT_CLASS = YES_ERROR;
				CLANG_WARN_QUOTED_INCLUDE_IN_FRAMEWORK_HEADER = YES;
				CLANG_WARN_RANGE_LOOP_ANALYSIS = YES;
				CLANG_WARN_STRICT_PROTOTYPES = YES;
				CLANG_WARN_SUSPICIOUS_MOVE = YES;
				CLANG_WARN_UNGUARDED_AVAILABILITY = YES_AGGRESSIVE;
				CLANG_WARN_UNREACHABLE_CODE = YES;
				CLANG_WARN__DUPLICATE_METHOD_MATCH = YES;
				COPY_PHASE_STRIP = NO;
				DEBUG_INFORMATION_FORMAT = "dwarf-with-dsym";
				ENABLE_NS_ASSERTIONS = NO;
				ENABLE_STRICT_OBJC_MSGSEND = YES;
				GCC_C_LANGUAGE_STANDARD = gnu11;
				GCC_NO_COMMON_BLOCKS = YES;
				GCC_WARN_64_TO_32_BIT_CONVERSION = YES;
				GCC_WARN_ABOUT_RETURN_TYPE = YES_ERROR;
				GCC_WARN_UNDECLARED_SELECTOR = YES;
				GCC_WARN_UNINITIALIZED_AUTOS = YES_AGGRESSIVE;
				GCC_WARN_UNUSED_FUNCTION = YES;
				GCC_WARN_UNUSED_VARIABLE = YES;
				IPHONEOS_DEPLOYMENT_TARGET = 15.5;
				MTL_ENABLE_DEBUG_INFO = NO;
				MTL_FAST_MATH = YES;
				SDKROOT = iphoneos;
				SWIFT_COMPILATION_MODE = wholemodule;
				SWIFT_OPTIMIZATION_LEVEL = "-O";
				VALIDATE_PRODUCT = YES;
			};
			name = Release;
		};
		C4A96C2128FA02CC001AADF4 /* Debug */ = {
			isa = XCBuildConfiguration;
			buildSettings = {
				ASSETCATALOG_COMPILER_APPICON_NAME = AppIcon;
				ASSETCATALOG_COMPILER_GLOBAL_ACCENT_COLOR_NAME = AccentColor;
				CODE_SIGN_STYLE = Automatic;
				CURRENT_PROJECT_VERSION = 1;
				GENERATE_INFOPLIST_FILE = YES;
				INFOPLIST_FILE = AkhilaGradeDisplay/Info.plist;
				INFOPLIST_KEY_UIApplicationSupportsIndirectInputEvents = YES;
				INFOPLIST_KEY_UILaunchStoryboardName = LaunchScreen;
				INFOPLIST_KEY_UIMainStoryboardFile = Main;
				INFOPLIST_KEY_UISupportedInterfaceOrientations_iPad = "UIInterfaceOrientationPortrait UIInterfaceOrientationPortraitUpsideDown UIInterfaceOrientationLandscapeLeft UIInterfaceOrientationLandscapeRight";
				INFOPLIST_KEY_UISupportedInterfaceOrientations_iPhone = "UIInterfaceOrientationPortrait UIInterfaceOrientationLandscapeLeft UIInterfaceOrientationLandscapeRight";
				LD_RUNPATH_SEARCH_PATHS = (
					"$(inherited)",
					"@executable_path/Frameworks",
				);
				MARKETING_VERSION = 1.0;
				PRODUCT_BUNDLE_IDENTIFIER = com.sirikonda.grade.AkhilaGradeDisplay;
				PRODUCT_NAME = "$(TARGET_NAME)";
				SWIFT_EMIT_LOC_STRINGS = YES;
				SWIFT_VERSION = 5.0;
				TARGETED_DEVICE_FAMILY = "1,2";
			};
			name = Debug;
		};
		C4A96C2228FA02CC001AADF4 /* Release */ = {
			isa = XCBuildConfiguration;
			buildSettings = {
				ASSETCATALOG_COMPILER_APPICON_NAME = AppIcon;
				ASSETCATALOG_COMPILER_GLOBAL_ACCENT_COLOR_NAME = AccentColor;
				CODE_SIGN_STYLE = Automatic;
				CURRENT_PROJECT_VERSION = 1;
				GENERATE_INFOPLIST_FILE = YES;
				INFOPLIST_FILE = AkhilaGradeDisplay/Info.plist;
				INFOPLIST_KEY_UIApplicationSupportsIndirectInputEvents = YES;
				INFOPLIST_KEY_UILaunchStoryboardName = LaunchScreen;
				INFOPLIST_KEY_UIMainStoryboardFile = Main;
				INFOPLIST_KEY_UISupportedInterfaceOrientations_iPad = "UIInterfaceOrientationPortrait UIInterfaceOrientationPortraitUpsideDown UIInterfaceOrientationLandscapeLeft UIInterfaceOrientationLandscapeRight";
				INFOPLIST_KEY_UISupportedInterfaceOrientations_iPhone = "UIInterfaceOrientationPortrait UIInterfaceOrientationLandscapeLeft UIInterfaceOrientationLandscapeRight";
				LD_RUNPATH_SEARCH_PATHS = (
					"$(inherited)",
					"@executable_path/Frameworks",
				);
				MARKETING_VERSION = 1.0;
				PRODUCT_BUNDLE_IDENTIFIER = com.sirikonda.grade.AkhilaGradeDisplay;
				PRODUCT_NAME = "$(TARGET_NAME)";
				SWIFT_EMIT_LOC_STRINGS = YES;
				SWIFT_VERSION = 5.0;
				TARGETED_DEVICE_FAMILY = "1,2";
			};
			name = Release;
		};
/* End XCBuildConfiguration section */

/* Begin XCConfigurationList section */
		C4A96C0428FA02CA001AADF4 /* Build configuration list for PBXProject "AkhilaGradeDisplay" */ = {
			isa = XCConfigurationList;
			buildConfigurations = (
				C4A96C1E28FA02CC001AADF4 /* Debug */,
				C4A96C1F28FA02CC001AADF4 /* Release */,
			);
			defaultConfigurationIsVisible = 0;
			defaultConfigurationName = Release;
		};
		C4A96C2028FA02CC001AADF4 /* Build configuration list for PBXNativeTarget "AkhilaGradeDisplay" */ = {
			isa = XCConfigurationList;
			buildConfigurations = (
				C4A96C2128FA02CC001AADF4 /* Debug */,
				C4A96C2228FA02CC001AADF4 /* Release */,
			);
			defaultConfigurationIsVisible = 0;
			defaultConfigurationName = Release;
		};
/* End XCConfigurationList section */

/* Begin XCVersionGroup section */
		C4A96C1528FA02CA001AADF4 /* AkhilaGradeDisplay.xcdatamodeld */ = {
			isa = XCVersionGroup;
			children = (
				C4A96C1628FA02CA001AADF4 /* AkhilaGradeDisplay.xcdatamodel */,
			);
			currentVersion = C4A96C1628FA02CA001AADF4 /* AkhilaGradeDisplay.xcdatamodel */;
			path = AkhilaGradeDisplay.xcdatamodeld;
			sourceTree = "<group>";
			versionGroupType = wrapper.xcdatamodel;
		};
/* End XCVersionGroup section */
	};
	rootObject = C4A96C0128FA02CA001AADF4 /* Project object */;
}
